// !$*UTF8*$!
{
	archiveVersion = 1;
	classes = {
	};
	objectVersion = 46;
	objects = {

/* Begin PBXBuildFile section */
		72DA5E281AF59166008663B3 /* AppDelegate.swift in Sources */ = {isa = PBXBuildFile; fileRef = 72DA5E271AF59166008663B3 /* AppDelegate.swift */; };
		72DA5E2A1AF59166008663B3 /* ViewController.swift in Sources */ = {isa = PBXBuildFile; fileRef = 72DA5E291AF59166008663B3 /* ViewController.swift */; };
		72DA5E2D1AF59166008663B3 /* Main.storyboard in Resources */ = {isa = PBXBuildFile; fileRef = 72DA5E2B1AF59166008663B3 /* Main.storyboard */; };
		72DA5E2F1AF59166008663B3 /* Images.xcassets in Resources */ = {isa = PBXBuildFile; fileRef = 72DA5E2E1AF59166008663B3 /* Images.xcassets */; };
		72DA5E321AF59166008663B3 /* LaunchScreen.xib in Resources */ = {isa = PBXBuildFile; fileRef = 72DA5E301AF59166008663B3 /* LaunchScreen.xib */; };
		72DA5E3E1AF59166008663B3 /* calculator_iosTests.swift in Sources */ = {isa = PBXBuildFile; fileRef = 72DA5E3D1AF59166008663B3 /* calculator_iosTests.swift */; };
/* End PBXBuildFile section */

/* Begin PBXContainerItemProxy section */
		72DA5E381AF59166008663B3 /* PBXContainerItemProxy */ = {
			isa = PBXContainerItemProxy;
			containerPortal = 72DA5E1A1AF59166008663B3 /* Project object */;
			proxyType = 1;
			remoteGlobalIDString = 72DA5E211AF59166008663B3;
			remoteInfo = "calculator-ios";
		};
/* End PBXContainerItemProxy section */

/* Begin PBXFileReference section */
		72DA5E221AF59166008663B3 /* calculator-ios.app */ = {isa = PBXFileReference; explicitFileType = wrapper.application; includeInIndex = 0; path = "calculator-ios.app"; sourceTree = BUILT_PRODUCTS_DIR; };
		72DA5E261AF59166008663B3 /* Info.plist */ = {isa = PBXFileReference; lastKnownFileType = text.plist.xml; path = Info.plist; sourceTree = "<group>"; };
		72DA5E271AF59166008663B3 /* AppDelegate.swift */ = {isa = PBXFileReference; lastKnownFileType = sourcecode.swift; path = AppDelegate.swift; sourceTree = "<group>"; };
		72DA5E291AF59166008663B3 /* ViewController.swift */ = {isa = PBXFileReference; lastKnownFileType = sourcecode.swift; path = ViewController.swift; sourceTree = "<group>"; };
		72DA5E2C1AF59166008663B3 /* Base */ = {isa = PBXFileReference; lastKnownFileType = file.storyboard; name = Base; path = Base.lproj/Main.storyboard; sourceTree = "<group>"; };
		72DA5E2E1AF59166008663B3 /* Images.xcassets */ = {isa = PBXFileReference; lastKnownFileType = folder.assetcatalog; path = Images.xcassets; sourceTree = "<group>"; };
		72DA5E311AF59166008663B3 /* Base */ = {isa = PBXFileReference; lastKnownFileType = file.xib; name = Base; path = Base.lproj/LaunchScreen.xib; sourceTree = "<group>"; };
		72DA5E371AF59166008663B3 /* calculator-iosTests.xctest */ = {isa = PBXFileReference; explicitFileType = wrapper.cfbundle; includeInIndex = 0; path = "calculator-iosTests.xctest"; sourceTree = BUILT_PRODUCTS_DIR; };
		72DA5E3C1AF59166008663B3 /* Info.plist */ = {isa = PBXFileReference; lastKnownFileType = text.plist.xml; path = Info.plist; sourceTree = "<group>"; };
		72DA5E3D1AF59166008663B3 /* calculator_iosTests.swift */ = {isa = PBXFileReference; lastKnownFileType = sourcecode.swift; path = calculator_iosTests.swift; sourceTree = "<group>"; };
/* End PBXFileReference section */

/* Begin PBXFrameworksBuildPhase section */
		72DA5E1F1AF59166008663B3 /* Frameworks */ = {
			isa = PBXFrameworksBuildPhase;
			buildActionMask = 2147483647;
			files = (
			);
			runOnlyForDeploymentPostprocessing = 0;
		};
		72DA5E341AF59166008663B3 /* Frameworks */ = {
			isa = PBXFrameworksBuildPhase;
			buildActionMask = 2147483647;
			files = (
			);
			runOnlyForDeploymentPostprocessing = 0;
		};
/* End PBXFrameworksBuildPhase section */

/* Begin PBXGroup section */
		72DA5E191AF59166008663B3 = {
			isa = PBXGroup;
			children = (
				72DA5E241AF59166008663B3 /* calculator-ios */,
				72DA5E3A1AF59166008663B3 /* calculator-iosTests */,
				72DA5E231AF59166008663B3 /* Products */,
			);
			sourceTree = "<group>";
		};
		72DA5E231AF59166008663B3 /* Products */ = {
			isa = PBXGroup;
			children = (
				72DA5E221AF59166008663B3 /* calculator-ios.app */,
				72DA5E371AF59166008663B3 /* calculator-iosTests.xctest */,
			);
			name = Products;
			sourceTree = "<group>";
		};
		72DA5E241AF59166008663B3 /* calculator-ios */ = {
			isa = PBXGroup;
			children = (
				72DA5E291AF59166008663B3 /* ViewController.swift */,
				72DA5E2B1AF59166008663B3 /* Main.storyboard */,
				72DA5E251AF59166008663B3 /* Supporting Files */,
			);
			path = "calculator-ios";
			sourceTree = "<group>";
		};
		72DA5E251AF59166008663B3 /* Supporting Files */ = {
			isa = PBXGroup;
			children = (
				72DA5E2E1AF59166008663B3 /* Images.xcassets */,
				72DA5E271AF59166008663B3 /* AppDelegate.swift */,
				72DA5E301AF59166008663B3 /* LaunchScreen.xib */,
				72DA5E261AF59166008663B3 /* Info.plist */,
			);
			name = "Supporting Files";
			sourceTree = "<group>";
		};
		72DA5E3A1AF59166008663B3 /* calculator-iosTests */ = {
			isa = PBXGroup;
			children = (
				72DA5E3D1AF59166008663B3 /* calculator_iosTests.swift */,
				72DA5E3B1AF59166008663B3 /* Supporting Files */,
			);
			path = "calculator-iosTests";
			sourceTree = "<group>";
		};
		72DA5E3B1AF59166008663B3 /* Supporting Files */ = {
			isa = PBXGroup;
			children = (
				72DA5E3C1AF59166008663B3 /* Info.plist */,
			);
			name = "Supporting Files";
			sourceTree = "<group>";
		};
/* End PBXGroup section */

/* Begin PBXNativeTarget section */
		72DA5E211AF59166008663B3 /* calculator-ios */ = {
			isa = PBXNativeTarget;
			buildConfigurationList = 72DA5E411AF59166008663B3 /* Build configuration list for PBXNativeTarget "calculator-ios" */;
			buildPhases = (
				72DA5E1E1AF59166008663B3 /* Sources */,
				72DA5E1F1AF59166008663B3 /* Frameworks */,
				72DA5E201AF59166008663B3 /* Resources */,
			);
			buildRules = (
			);
			dependencies = (
			);
			name = "calculator-ios";
			productName = "calculator-ios";
			productReference = 72DA5E221AF59166008663B3 /* calculator-ios.app */;
			productType = "com.apple.product-type.application";
		};
		72DA5E361AF59166008663B3 /* calculator-iosTests */ = {
			isa = PBXNativeTarget;
			buildConfigurationList = 72DA5E441AF59166008663B3 /* Build configuration list for PBXNativeTarget "calculator-iosTests" */;
			buildPhases = (
				72DA5E331AF59166008663B3 /* Sources */,
				72DA5E341AF59166008663B3 /* Frameworks */,
				72DA5E351AF59166008663B3 /* Resources */,
			);
			buildRules = (
			);
			dependencies = (
				72DA5E391AF59166008663B3 /* PBXTargetDependency */,
			);
			name = "calculator-iosTests";
			productName = "calculator-iosTests";
			productReference = 72DA5E371AF59166008663B3 /* calculator-iosTests.xctest */;
			productType = "com.apple.product-type.bundle.unit-test";
		};
/* End PBXNativeTarget section */

/* Begin PBXProject section */
		72DA5E1A1AF59166008663B3 /* Project object */ = {
			isa = PBXProject;
			attributes = {
				LastUpgradeCheck = 0630;
				ORGANIZATIONNAME = "Netskink Computing";
				TargetAttributes = {
					72DA5E211AF59166008663B3 = {
						CreatedOnToolsVersion = 6.3.1;
					};
					72DA5E361AF59166008663B3 = {
						CreatedOnToolsVersion = 6.3.1;
						TestTargetID = 72DA5E211AF59166008663B3;
					};
				};
			};
			buildConfigurationList = 72DA5E1D1AF59166008663B3 /* Build configuration list for PBXProject "calculator-ios" */;
			compatibilityVersion = "Xcode 3.2";
			developmentRegion = English;
			hasScannedForEncodings = 0;
			knownRegions = (
				en,
				Base,
			);
			mainGroup = 72DA5E191AF59166008663B3;
			productRefGroup = 72DA5E231AF59166008663B3 /* Products */;
			projectDirPath = "";
			projectRoot = "";
			targets = (
				72DA5E211AF59166008663B3 /* calculator-ios */,
				72DA5E361AF59166008663B3 /* calculator-iosTests */,
			);
		};
/* End PBXProject section */

/* Begin PBXResourcesBuildPhase section */
		72DA5E201AF59166008663B3 /* Resources */ = {
			isa = PBXResourcesBuildPhase;
			buildActionMask = 2147483647;
			files = (
				72DA5E2D1AF59166008663B3 /* Main.storyboard in Resources */,
				72DA5E321AF59166008663B3 /* LaunchScreen.xib in Resources */,
				72DA5E2F1AF59166008663B3 /* Images.xcassets in Resources */,
			);
			runOnlyForDeploymentPostprocessing = 0;
		};
		72DA5E351AF59166008663B3 /* Resources */ = {
			isa = PBXResourcesBuildPhase;
			buildActionMask = 2147483647;
			files = (
			);
			runOnlyForDeploymentPostprocessing = 0;
		};
/* End PBXResourcesBuildPhase section */

/* Begin PBXSourcesBuildPhase section */
		72DA5E1E1AF59166008663B3 /* Sources */ = {
			isa = PBXSourcesBuildPhase;
			buildActionMask = 2147483647;
			files = (
				72DA5E2A1AF59166008663B3 /* ViewController.swift in Sources */,
				72DA5E281AF59166008663B3 /* AppDelegate.swift in Sources */,
			);
			runOnlyForDeploymentPostprocessing = 0;
		};
		72DA5E331AF59166008663B3 /* Sources */ = {
			isa = PBXSourcesBuildPhase;
			buildActionMask = 2147483647;
			files = (
				72DA5E3E1AF59166008663B3 /* calculator_iosTests.swift in Sources */,
			);
			runOnlyForDeploymentPostprocessing = 0;
		};
/* End PBXSourcesBuildPhase section */

/* Begin PBXTargetDependency section */
		72DA5E391AF59166008663B3 /* PBXTargetDependency */ = {
			isa = PBXTargetDependency;
			target = 72DA5E211AF59166008663B3 /* calculator-ios */;
			targetProxy = 72DA5E381AF59166008663B3 /* PBXContainerItemProxy */;
		};
/* End PBXTargetDependency section */

/* Begin PBXVariantGroup section */
		72DA5E2B1AF59166008663B3 /* Main.storyboard */ = {
			isa = PBXVariantGroup;
			children = (
				72DA5E2C1AF59166008663B3 /* Base */,
			);
			name = Main.storyboard;
			sourceTree = "<group>";
		};
		72DA5E301AF59166008663B3 /* LaunchScreen.xib */ = {
			isa = PBXVariantGroup;
			children = (
				72DA5E311AF59166008663B3 /* Base */,
			);
			name = LaunchScreen.xib;
			sourceTree = "<group>";
		};
/* End PBXVariantGroup section */

/* Begin XCBuildConfiguration section */
		72DA5E3F1AF59166008663B3 /* Debug */ = {
			isa = XCBuildConfiguration;
			buildSettings = {
				ALWAYS_SEARCH_USER_PATHS = NO;
				CLANG_CXX_LANGUAGE_STANDARD = "gnu++0x";
				CLANG_CXX_LIBRARY = "libc++";
				CLANG_ENABLE_MODULES = YES;
				CLANG_ENABLE_OBJC_ARC = YES;
				CLANG_WARN_BOOL_CONVERSION = YES;
				CLANG_WARN_CONSTANT_CONVERSION = YES;
				CLANG_WARN_DIRECT_OBJC_ISA_USAGE = YES_ERROR;
				CLANG_WARN_EMPTY_BODY = YES;
				CLANG_WARN_ENUM_CONVERSION = YES;
				CLANG_WARN_INT_CONVERSION = YES;
				CLANG_WARN_OBJC_ROOT_CLASS = YES_ERROR;
				CLANG_WARN_UNREACHABLE_CODE = YES;
				CLANG_WARN__DUPLICATE_METHOD_MATCH = YES;
				"CODE_SIGN_IDENTITY[sdk=iphoneos*]" = "iPhone Developer";
				COPY_PHASE_STRIP = NO;
				DEBUG_INFORMATION_FORMAT = "dwarf-with-dsym";
				ENABLE_STRICT_OBJC_MSGSEND = YES;
				GCC_C_LANGUAGE_STANDARD = gnu99;
				GCC_DYNAMIC_NO_PIC = NO;
				GCC_NO_COMMON_BLOCKS = YES;
				GCC_OPTIMIZATION_LEVEL = 0;
				GCC_PREPROCESSOR_DEFINITIONS = (
					"DEBUG=1",
					"$(inherited)",
				);
				GCC_SYMBOLS_PRIVATE_EXTERN = NO;
				GCC_WARN_64_TO_32_BIT_CONVERSION = YES;
				GCC_WARN_ABOUT_RETURN_TYPE = YES_ERROR;
				GCC_WARN_UNDECLARED_SELECTOR = YES;
				GCC_WARN_UNINITIALIZED_AUTOS = YES_AGGRESSIVE;
				GCC_WARN_UNUSED_FUNCTION = YES;
				GCC_WARN_UNUSED_VARIABLE = YES;
				IPHONEOS_DEPLOYMENT_TARGET = 8.3;
				MTL_ENABLE_DEBUG_INFO = YES;
				ONLY_ACTIVE_ARCH = YES;
				SDKROOT = iphoneos;
				SWIFT_OPTIMIZATION_LEVEL = "-Onone";
				TARGETED_DEVICE_FAMILY = "1,2";
			};
			name = Debug;
		};
		72DA5E401AF59166008663B3 /* Release */ = {
			isa = XCBuildConfiguration;
			buildSettings = {
				ALWAYS_SEARCH_USER_PATHS = NO;
				CLANG_CXX_LANGUAGE_STANDARD = "gnu++0x";
				CLANG_CXX_LIBRARY = "libc++";
				CLANG_ENABLE_MODULES = YES;
				CLANG_ENABLE_OBJC_ARC = YES;
				CLANG_WARN_BOOL_CONVERSION = YES;
				CLANG_WARN_CONSTANT_CONVERSION = YES;
				CLANG_WARN_DIRECT_OBJC_ISA_USAGE = YES_ERROR;
				CLANG_WARN_EMPTY_BODY = YES;
				CLANG_WARN_ENUM_CONVERSION = YES;
				CLANG_WARN_INT_CONVERSION = YES;
				CLANG_WARN_OBJC_ROOT_CLASS = YES_ERROR;
				CLANG_WARN_UNREACHABLE_CODE = YES;
				CLANG_WARN__DUPLICATE_METHOD_MATCH = YES;
				"CODE_SIGN_IDENTITY[sdk=iphoneos*]" = "iPhone Developer";
				COPY_PHASE_STRIP = NO;
				DEBUG_INFORMATION_FORMAT = "dwarf-with-dsym";
				ENABLE_NS_ASSERTIONS = NO;
				ENABLE_STRICT_OBJC_MSGSEND = YES;
				GCC_C_LANGUAGE_STANDARD = gnu99;
				GCC_NO_COMMON_BLOCKS = YES;
				GCC_WARN_64_TO_32_BIT_CONVERSION = YES;
				GCC_WARN_ABOUT_RETURN_TYPE = YES_ERROR;
				GCC_WARN_UNDECLARED_SELECTOR = YES;
				GCC_WARN_UNINITIALIZED_AUTOS = YES_AGGRESSIVE;
				GCC_WARN_UNUSED_FUNCTION = YES;
				GCC_WARN_UNUSED_VARIABLE = YES;
				IPHONEOS_DEPLOYMENT_TARGET = 8.3;
				MTL_ENABLE_DEBUG_INFO = NO;
				SDKROOT = iphoneos;
				TARGETED_DEVICE_FAMILY = "1,2";
				VALIDATE_PRODUCT = YES;
			};
			name = Release;
		};
		72DA5E421AF59166008663B3 /* Debug */ = {
			isa = XCBuildConfiguration;
			buildSettings = {
				ASSETCATALOG_COMPILER_APPICON_NAME = AppIcon;
				INFOPLIST_FILE = "calculator-ios/Info.plist";
				LD_RUNPATH_SEARCH_PATHS = "$(inherited) @executable_path/Frameworks";
				PRODUCT_NAME = "$(TARGET_NAME)";
			};
			name = Debug;
		};
		72DA5E431AF59166008663B3 /* Release */ = {
			isa = XCBuildConfiguration;
			buildSettings = {
				ASSETCATALOG_COMPILER_APPICON_NAME = AppIcon;
				INFOPLIST_FILE = "calculator-ios/Info.plist";
				LD_RUNPATH_SEARCH_PATHS = "$(inherited) @executable_path/Frameworks";
				PRODUCT_NAME = "$(TARGET_NAME)";
			};
			name = Release;
		};
		72DA5E451AF59166008663B3 /* Debug */ = {
			isa = XCBuildConfiguration;
			buildSettings = {
				BUNDLE_LOADER = "$(TEST_HOST)";
				FRAMEWORK_SEARCH_PATHS = (
					"$(SDKROOT)/Developer/Library/Frameworks",
					"$(inherited)",
				);
				GCC_PREPROCESSOR_DEFINITIONS = (
					"DEBUG=1",
					"$(inherited)",
				);
				INFOPLIST_FILE = "calculator-iosTests/Info.plist";
				LD_RUNPATH_SEARCH_PATHS = "$(inherited) @executable_path/Frameworks @loader_path/Frameworks";
				PRODUCT_NAME = "$(TARGET_NAME)";
				TEST_HOST = "$(BUILT_PRODUCTS_DIR)/calculator-ios.app/calculator-ios";
			};
			name = Debug;
		};
		72DA5E461AF59166008663B3 /* Release */ = {
			isa = XCBuildConfiguration;
			buildSettings = {
				BUNDLE_LOADER = "$(TEST_HOST)";
				FRAMEWORK_SEARCH_PATHS = (
					"$(SDKROOT)/Developer/Library/Frameworks",
					"$(inherited)",
				);
				INFOPLIST_FILE = "calculator-iosTests/Info.plist";
				LD_RUNPATH_SEARCH_PATHS = "$(inherited) @executable_path/Frameworks @loader_path/Frameworks";
				PRODUCT_NAME = "$(TARGET_NAME)";
				TEST_HOST = "$(BUILT_PRODUCTS_DIR)/calculator-ios.app/calculator-ios";
			};
			name = Release;
		};
/* End XCBuildConfiguration section */

/* Begin XCConfigurationList section */
		72DA5E1D1AF59166008663B3 /* Build configuration list for PBXProject "calculator-ios" */ = {
			isa = XCConfigurationList;
			buildConfigurations = (
				72DA5E3F1AF59166008663B3 /* Debug */,
				72DA5E401AF59166008663B3 /* Release */,
			);
			defaultConfigurationIsVisible = 0;
			defaultConfigurationName = Release;
		};
		72DA5E411AF59166008663B3 /* Build configuration list for PBXNativeTarget "calculator-ios" */ = {
			isa = XCConfigurationList;
			buildConfigurations = (
				72DA5E421AF59166008663B3 /* Debug */,
				72DA5E431AF59166008663B3 /* Release */,
			);
			defaultConfigurationIsVisible = 0;
		};
		72DA5E441AF59166008663B3 /* Build configuration list for PBXNativeTarget "calculator-iosTests" */ = {
			isa = XCConfigurationList;
			buildConfigurations = (
				72DA5E451AF59166008663B3 /* Debug */,
				72DA5E461AF59166008663B3 /* Release */,
			);
			defaultConfigurationIsVisible = 0;
		};
/* End XCConfigurationList section */
	};
	rootObject = 72DA5E1A1AF59166008663B3 /* Project object */;
}
